<?xml version="1.0" encoding="utf-8"?>
<Project ToolsVersion="4.0" xmlns="http://schemas.microsoft.com/developer/msbuild/2003">
  <ItemGroup>
    <Filter Include="Source Files">
      <UniqueIdentifier>{4FC737F1-C7A5-4376-A066-2A32D752A2FF}</UniqueIdentifier>
      <Extensions>cpp;c;cc;cxx;def;odl;idl;hpj;bat;asm;asmx</Extensions>
    </Filter>
    <Filter Include="Header Files">
      <UniqueIdentifier>{93995380-89BD-4b04-88EB-625FBE52EBFB}</UniqueIdentifier>
      <Extensions>h;hh;hpp;hxx;hm;inl;inc;xsd</Extensions>
    </Filter>
    <Filter Include="Resource Files">
      <UniqueIdentifier>{67DA6AB6-F800-4c08-8B7A-83BB121AAD01}</UniqueIdentifier>
      <Extensions>rc;ico;cur;bmp;dlg;rc2;rct;bin;rgs;gif;jpg;jpeg;jpe;resx;tiff;tif;png;wav;mfcribbon-ms</Extensions>
    </Filter>
    <Filter Include="Source Files\Engine">
      <UniqueIdentifier>{9e328fe4-03e1-4e86-acc6-855a5c7152af}</UniqueIdentifier>
    </Filter>
    <Filter Include="Header Files\Engine">
      <UniqueIdentifier>{ce8d1f81-49e0-4ccc-9930-5d8c28384dab}</UniqueIdentifier>
    </Filter>
    <Filter Include="Source Files\Assets">
      <UniqueIdentifier>{2104f7f9-1c19-411b-bad1-047e1eff41e1}</UniqueIdentifier>
    </Filter>
    <Filter Include="Source Files\Controls">
      <UniqueIdentifier>{c16abfb3-f843-48b9-aea0-efa73789f485}</UniqueIdentifier>
    </Filter>
    <Filter Include="Source Files\Extra">
      <UniqueIdentifier>{ccdd5fd5-9885-49d3-8af5-d232462c5102}</UniqueIdentifier>
    </Filter>
    <Filter Include="Header Files\Assets">
      <UniqueIdentifier>{e581bfc3-af87-4732-8562-b434a5573824}</UniqueIdentifier>
    </Filter>
    <Filter Include="Header Files\Controls">
      <UniqueIdentifier>{20780a2d-d7d0-4d6a-846f-f409697eb39c}</UniqueIdentifier>
    </Filter>
    <Filter Include="Header Files\Extra">
      <UniqueIdentifier>{b80f0993-9b6f-40a6-b3e7-fc46f4d17327}</UniqueIdentifier>
    </Filter>
    <Filter Include="Header Files\Scenes">
      <UniqueIdentifier>{aafbfefd-2074-4eff-ac5c-6c359e55921a}</UniqueIdentifier>
    </Filter>
    <Filter Include="Source Files\Scenes">
      <UniqueIdentifier>{7850a309-bb0d-4513-9f70-3ca3d1110da6}</UniqueIdentifier>
    </Filter>
  </ItemGroup>
  <ItemGroup>
    <ClCompile Include="main.cpp">
      <Filter>Source Files</Filter>
    </ClCompile>
    <ClCompile Include="Readme.cpp">
      <Filter>Source Files</Filter>
    </ClCompile>
    <ClCompile Include="GameEngine.cpp">
      <Filter>Source Files\Engine</Filter>
    </ClCompile>
    <ClCompile Include="AssetManager.cpp">
      <Filter>Source Files\Engine</Filter>
    </ClCompile>
    <ClCompile Include="EventManager.cpp">
      <Filter>Source Files\Engine</Filter>
    </ClCompile>
    <ClCompile Include="LogEngine.cpp">
      <Filter>Source Files\Engine</Filter>
    </ClCompile>
    <ClCompile Include="RenderingEngine.cpp">
      <Filter>Source Files\Engine</Filter>
    </ClCompile>
    <ClCompile Include="Button.cpp">
      <Filter>Source Files\Controls</Filter>
    </ClCompile>
    <ClCompile Include="Checkbox.cpp">
      <Filter>Source Files\Controls</Filter>
    </ClCompile>
    <ClCompile Include="Font.cpp">
      <Filter>Source Files\Assets</Filter>
    </ClCompile>
    <ClCompile Include="InfoPane.cpp">
      <Filter>Source Files\Controls</Filter>
    </ClCompile>
    <ClCompile Include="Label.cpp">
      <Filter>Source Files\Controls</Filter>
    </ClCompile>
    <ClCompile Include="CanvasNode.cpp">
      <Filter>Source Files\Controls</Filter>
    </ClCompile>
    <ClCompile Include="ControlNode.cpp">
      <Filter>Source Files\Controls</Filter>
    </ClCompile>
    <ClCompile Include="Location.cpp">
      <Filter>Source Files\Assets</Filter>
    </ClCompile>
    <ClCompile Include="Node.cpp">
      <Filter>Source Files\Controls</Filter>
    </ClCompile>
    <ClCompile Include="ShapeNode.cpp">
      <Filter>Source Files\Controls</Filter>
    </ClCompile>
    <ClCompile Include="Size.cpp">
      <Filter>Source Files\Assets</Filter>
    </ClCompile>
    <ClCompile Include="TextNode.cpp">
      <Filter>Source Files\Controls</Filter>
    </ClCompile>
    <ClCompile Include="Texture.cpp">
      <Filter>Source Files\Assets</Filter>
    </ClCompile>
    <ClCompile Include="TextureAtlas.cpp">
      <Filter>Source Files\Assets</Filter>
    </ClCompile>
    <ClCompile Include="TextureImage.cpp">
      <Filter>Source Files\Assets</Filter>
    </ClCompile>
    <ClCompile Include="ToolWindow.cpp">
      <Filter>Source Files\Controls</Filter>
    </ClCompile>
    <ClCompile Include="LoadingScreen.cpp">
      <Filter>Source Files\Controls</Filter>
    </ClCompile>
    <ClCompile Include="Singleton.cpp">
      <Filter>Source Files\Extra</Filter>
    </ClCompile>
    <ClCompile Include="TODO.cpp">
      <Filter>Source Files</Filter>
    </ClCompile>
    <ClCompile Include="Resource.cpp">
      <Filter>Source Files\Assets</Filter>
    </ClCompile>
    <ClCompile Include="LoadableResource.cpp">
      <Filter>Source Files\Assets</Filter>
    </ClCompile>
    <ClCompile Include="Color.cpp">
      <Filter>Source Files\Assets</Filter>
    </ClCompile>
    <ClCompile Include="Palette.cpp">
      <Filter>Source Files\Assets</Filter>
    </ClCompile>
    <ClCompile Include="Rectangle.cpp">
      <Filter>Source Files\Assets</Filter>
    </ClCompile>
    <ClCompile Include="SpriteNinePatch.cpp">
      <Filter>Source Files\Controls</Filter>
    </ClCompile>
    <ClCompile Include="ProgressBar.cpp">
      <Filter>Source Files\Controls</Filter>
    </ClCompile>
    <ClCompile Include="GraphicsContext.cpp">
      <Filter>Source Files\Assets</Filter>
    </ClCompile>
    <ClCompile Include="LoadingScreen2.cpp">
      <Filter>Source Files\Controls</Filter>
    </ClCompile>
    <ClCompile Include="LoadingBar.cpp">
      <Filter>Source Files\Controls</Filter>
    </ClCompile>
    <ClCompile Include="SpriteNode.cpp">
      <Filter>Source Files\Controls</Filter>
    </ClCompile>
    <ClCompile Include="IniFileParser.cpp">
      <Filter>Source Files\Engine</Filter>
    </ClCompile>
    <ClCompile Include="TestWindow.cpp">
      <Filter>Source Files\Controls</Filter>
    </ClCompile>
    <ClCompile Include="Cube.cpp">
      <Filter>Source Files\Assets</Filter>
    </ClCompile>
    <ClCompile Include="Test1.cpp">
      <Filter>Source Files\Extra</Filter>
    </ClCompile>
    <ClCompile Include="Math.cpp">
      <Filter>Source Files\Extra</Filter>
    </ClCompile>
    <ClCompile Include="LevelEditor.cpp">
      <Filter>Source Files\Scenes</Filter>
    </ClCompile>
    <ClCompile Include="Level.cpp">
      <Filter>Source Files\Assets</Filter>
    </ClCompile>
    <ClCompile Include="Viewport.cpp">
      <Filter>Source Files\Controls</Filter>
    </ClCompile>
    <ClCompile Include="Camera3D.cpp">
      <Filter>Source Files\Assets</Filter>
    </ClCompile>
    <ClCompile Include="LevelObject.cpp">
      <Filter>Source Files\Assets</Filter>
    </ClCompile>
    <ClCompile Include="Floor.cpp">
      <Filter>Source Files\Assets</Filter>
    </ClCompile>
    <ClCompile Include="RogueLike.cpp">
      <Filter>Source Files\Controls</Filter>
    </ClCompile>
    <ClCompile Include="Player3d.cpp">
      <Filter>Source Files\Assets</Filter>
    </ClCompile>
    <ClCompile Include="Actor2d.cpp">
      <Filter>Source Files\Controls</Filter>
    </ClCompile>
    <ClCompile Include="AnimationPlayer.cpp">
      <Filter>Source Files\Controls</Filter>
    </ClCompile>
    <ClCompile Include="Player.cpp">
      <Filter>Source Files\Controls</Filter>
    </ClCompile>
    <ClCompile Include="Npc.cpp">
      <Filter>Source Files\Controls</Filter>
    </ClCompile>
    <ClCompile Include="Projectiles.cpp">
      <Filter>Source Files\Controls</Filter>
    </ClCompile>
    <ClCompile Include="MainMenu.cpp">
      <Filter>Source Files\Controls</Filter>
    </ClCompile>
    <ClCompile Include="MessageBox.cpp">
      <Filter>Source Files\Controls</Filter>
    </ClCompile>
    <ClCompile Include="SettingsWindow.cpp">
      <Filter>Source Files\Controls</Filter>
    </ClCompile>
    <ClCompile Include="Dropdown.cpp">
      <Filter>Source Files\Controls</Filter>
    </ClCompile>
    <ClCompile Include="Listbox.cpp">
      <Filter>Source Files\Controls</Filter>
    </ClCompile>
    <ClCompile Include="Configuration.cpp">
      <Filter>Source Files\Controls</Filter>
    </ClCompile>
    <ClCompile Include="Scrollbar.cpp">
      <Filter>Source Files\Controls</Filter>
    </ClCompile>
    <ClCompile Include="RendererFront.cpp">
      <Filter>Source Files\Engine</Filter>
    </ClCompile>
    <ClCompile Include="RendererFactory.cpp">
      <Filter>Source Files\Engine</Filter>
    </ClCompile>
    <ClCompile Include="Renderer.cpp">
      <Filter>Source Files\Engine</Filter>
    </ClCompile>
    <ClCompile Include="RendererSoftware8Bits.cpp">
      <Filter>Source Files\Engine</Filter>
    </ClCompile>
    <ClCompile Include="RendererSoftware16Bits.cpp">
      <Filter>Source Files\Engine</Filter>
    </ClCompile>
    <ClCompile Include="RendererSoftware32Bits.cpp">
      <Filter>Source Files\Engine</Filter>
    </ClCompile>
    <ClCompile Include="RendererHardwareSDL.cpp">
      <Filter>Source Files\Engine</Filter>
    </ClCompile>
    <ClCompile Include="TileMapLayer.cpp">
      <Filter>Source Files\Controls</Filter>
    </ClCompile>
    <ClCompile Include="TileMapLoader.cpp">
      <Filter>Source Files\Controls</Filter>
    </ClCompile>
    <ClCompile Include="TileMap.cpp">
      <Filter>Source Files\Controls</Filter>
    </ClCompile>
    <ClCompile Include="Pathfinder.cpp">
      <Filter>Source Files\Engine</Filter>
    </ClCompile>
  </ItemGroup>
  <ItemGroup>
    <ClInclude Include="main.h">
      <Filter>Header Files</Filter>
    </ClInclude>
    <ClInclude Include="GameEngine.h">
      <Filter>Header Files\Engine</Filter>
    </ClInclude>
    <ClInclude Include="AssetManager.h">
      <Filter>Header Files\Engine</Filter>
    </ClInclude>
    <ClInclude Include="EventManager.h">
      <Filter>Header Files\Engine</Filter>
    </ClInclude>
    <ClInclude Include="LogEngine.h">
      <Filter>Header Files\Engine</Filter>
    </ClInclude>
    <ClInclude Include="RenderingEngine.h">
      <Filter>Header Files\Engine</Filter>
    </ClInclude>
    <ClInclude Include="CanvasNode.h">
      <Filter>Header Files\Controls</Filter>
    </ClInclude>
    <ClInclude Include="Button.h">
      <Filter>Header Files\Controls</Filter>
    </ClInclude>
    <ClInclude Include="Checkbox.h">
      <Filter>Header Files\Controls</Filter>
    </ClInclude>
    <ClInclude Include="Color.h">
      <Filter>Header Files\Assets</Filter>
    </ClInclude>
    <ClInclude Include="ControlNode.h">
      <Filter>Header Files\Controls</Filter>
    </ClInclude>
    <ClInclude Include="InfoPane.h">
      <Filter>Header Files\Controls</Filter>
    </ClInclude>
    <ClInclude Include="Label.h">
      <Filter>Header Files\Controls</Filter>
    </ClInclude>
    <ClInclude Include="LoadingScreen.h">
      <Filter>Header Files\Controls</Filter>
    </ClInclude>
    <ClInclude Include="Align.h">
      <Filter>Header Files\Assets</Filter>
    </ClInclude>
    <ClInclude Include="Anchor.h">
      <Filter>Header Files\Assets</Filter>
    </ClInclude>
    <ClInclude Include="Location.h">
      <Filter>Header Files\Assets</Filter>
    </ClInclude>
    <ClInclude Include="Margin.h">
      <Filter>Header Files\Assets</Filter>
    </ClInclude>
    <ClInclude Include="Message.h">
      <Filter>Header Files\Assets</Filter>
    </ClInclude>
    <ClInclude Include="Node.h">
      <Filter>Header Files\Controls</Filter>
    </ClInclude>
    <ClInclude Include="ShapeNode.h">
      <Filter>Header Files\Controls</Filter>
    </ClInclude>
    <ClInclude Include="Singleton.h">
      <Filter>Header Files\Extra</Filter>
    </ClInclude>
    <ClInclude Include="Size.h">
      <Filter>Header Files\Assets</Filter>
    </ClInclude>
    <ClInclude Include="TextNode.h">
      <Filter>Header Files\Controls</Filter>
    </ClInclude>
    <ClInclude Include="ToolWindow.h">
      <Filter>Header Files\Controls</Filter>
    </ClInclude>
    <ClInclude Include="Texture.h">
      <Filter>Header Files\Assets</Filter>
    </ClInclude>
    <ClInclude Include="TextSurface.h">
      <Filter>Header Files\Assets</Filter>
    </ClInclude>
    <ClInclude Include="TextureAtlas.h">
      <Filter>Header Files\Assets</Filter>
    </ClInclude>
    <ClInclude Include="TextureImage.h">
      <Filter>Header Files\Assets</Filter>
    </ClInclude>
    <ClInclude Include="Font.h">
      <Filter>Header Files\Assets</Filter>
    </ClInclude>
    <ClInclude Include="Resource.h">
      <Filter>Header Files\Assets</Filter>
    </ClInclude>
    <ClInclude Include="LoadableResource.h">
      <Filter>Header Files\Assets</Filter>
    </ClInclude>
    <ClInclude Include="Palette.h">
      <Filter>Header Files\Assets</Filter>
    </ClInclude>
    <ClInclude Include="Rectangle.h">
      <Filter>Header Files\Assets</Filter>
    </ClInclude>
    <ClInclude Include="SpriteNinePatch.h">
      <Filter>Header Files\Controls</Filter>
    </ClInclude>
    <ClInclude Include="ProgressBar.h">
      <Filter>Header Files\Controls</Filter>
    </ClInclude>
    <ClInclude Include="GraphicsContext.h">
      <Filter>Header Files\Assets</Filter>
    </ClInclude>
    <ClInclude Include="LoadingScreen2.h">
      <Filter>Header Files\Controls</Filter>
    </ClInclude>
    <ClInclude Include="LoadingBar.h">
      <Filter>Header Files\Controls</Filter>
    </ClInclude>
    <ClInclude Include="SpriteNode.h">
      <Filter>Header Files\Controls</Filter>
    </ClInclude>
    <ClInclude Include="IniFileParser.h">
      <Filter>Header Files\Engine</Filter>
    </ClInclude>
    <ClInclude Include="TestWindow.h">
      <Filter>Header Files\Controls</Filter>
    </ClInclude>
    <ClInclude Include="Cube.h">
      <Filter>Header Files\Assets</Filter>
    </ClInclude>
    <ClInclude Include="Math.h">
      <Filter>Header Files\Extra</Filter>
    </ClInclude>
    <ClInclude Include="Test1.h">
      <Filter>Header Files\Extra</Filter>
    </ClInclude>
    <ClInclude Include="LevelEditor.h">
      <Filter>Header Files\Scenes</Filter>
    </ClInclude>
    <ClInclude Include="Level.h">
      <Filter>Header Files\Assets</Filter>
    </ClInclude>
    <ClInclude Include="Viewport.h">
      <Filter>Header Files\Controls</Filter>
    </ClInclude>
    <ClInclude Include="Camera3D.h">
      <Filter>Header Files\Assets</Filter>
    </ClInclude>
    <ClInclude Include="LevelObject.h">
      <Filter>Header Files\Assets</Filter>
    </ClInclude>
    <ClInclude Include="Floor.h">
      <Filter>Header Files\Assets</Filter>
    </ClInclude>
    <ClInclude Include="DrawMode.h">
      <Filter>Header Files\Assets</Filter>
    </ClInclude>
    <ClInclude Include="RogueLike.h">
      <Filter>Header Files\Controls</Filter>
    </ClInclude>
    <ClInclude Include="Player3d.h">
      <Filter>Header Files\Assets</Filter>
    </ClInclude>
    <ClInclude Include="Actor2d.h">
      <Filter>Header Files\Controls</Filter>
    </ClInclude>
    <ClInclude Include="GameSettings.h">
      <Filter>Header Files\Assets</Filter>
    </ClInclude>
    <ClInclude Include="AnimationPlayer.h">
      <Filter>Header Files\Controls</Filter>
    </ClInclude>
    <ClInclude Include="Player.h">
      <Filter>Header Files\Controls</Filter>
    </ClInclude>
    <ClInclude Include="Npc.h">
      <Filter>Header Files\Controls</Filter>
    </ClInclude>
    <ClInclude Include="Projectile.h">
      <Filter>Header Files\Controls</Filter>
    </ClInclude>
    <ClInclude Include="MainMenu.h">
      <Filter>Header Files\Controls</Filter>
    </ClInclude>
    <ClInclude Include="MessageBox.h">
      <Filter>Header Files\Controls</Filter>
    </ClInclude>
    <ClInclude Include="SettingsWindow.h">
      <Filter>Header Files\Controls</Filter>
    </ClInclude>
    <ClInclude Include="Dropdown.h">
      <Filter>Header Files\Controls</Filter>
    </ClInclude>
    <ClInclude Include="Listbox.h">
      <Filter>Header Files\Controls</Filter>
    </ClInclude>
    <ClInclude Include="Configuration.h">
      <Filter>Header Files\Controls</Filter>
    </ClInclude>
    <ClInclude Include="Scrollbar.h">
      <Filter>Header Files\Controls</Filter>
    </ClInclude>
    <ClInclude Include="RendererOptions.h">
      <Filter>Header Files\Engine</Filter>
    </ClInclude>
    <ClInclude Include="RendererFactory.h">
      <Filter>Header Files\Engine</Filter>
    </ClInclude>
    <ClInclude Include="RendererFront.h">
      <Filter>Header Files\Engine</Filter>
    </ClInclude>
    <ClInclude Include="RendererSoftware8Bits.h">
      <Filter>Header Files\Engine</Filter>
    </ClInclude>
    <ClInclude Include="Renderer.h">
      <Filter>Header Files\Engine</Filter>
    </ClInclude>
    <ClInclude Include="RendererSoftware16Bits.h">
      <Filter>Header Files\Engine</Filter>
    </ClInclude>
    <ClInclude Include="RendererSoftware32Bits.h">
      <Filter>Header Files\Engine</Filter>
    </ClInclude>
    <ClInclude Include="RendererHardwareSDL.h">
      <Filter>Header Files\Engine</Filter>
    </ClInclude>
    <ClInclude Include="TileMapLayer.h">
      <Filter>Header Files\Controls</Filter>
    </ClInclude>
    <ClInclude Include="TileMap.h">
      <Filter>Header Files\Controls</Filter>
    </ClInclude>
    <ClInclude Include="TileMapLoader.h">
      <Filter>Header Files\Controls</Filter>
    </ClInclude>
    <ClInclude Include="Pathfinder.h">
      <Filter>Header Files\Engine</Filter>
    </ClInclude>
  </ItemGroup>
</Project>